hash: 5986c44df1df8e4c254a1a10c10582b5caa7c4b87d8c83573a996873496c8549
updated: 2017-12-29T15:52:38.217527285+06:00
imports:
- name: github.com/inconshreveable/mousetrap
  version: 76626ae9c91c4f2a10f34cad8ce83ea42c93bb75
- name: github.com/spf13/cobra
  version: ccaecb155a2177302cb56cae929251a256d0f646
- name: github.com/spf13/pflag
  version: e57e3eeb33f795204c1ca35f56c44f83227c6e66
- name: k8s.io/client-go
  version: d79b7d1f8bc2b1a2393aa7d79f4365413fd39a8c
  subpackages:
  - util/cert
  - util/homedir
testImports: []
